
Microsoft Visual Studio Solution File, Format Version 12.00
# Visual Studio Version 17
VisualStudioVersion = 17.8.34525.116
MinimumVisualStudioVersion = 10.0.40219.1
Project("{FAE04EC0-301F-11D3-BF4B-00C04F79EFBC}") = "APICatalogo", "APICatalogo\APICatalogo.csproj", "{360D7037-F6F7-4779-8D5B-C9665BA5B5B5}"
EndProject
Global
	GlobalSection(SolutionConfigurationPlatforms) = preSolution
		Debug|Any CPU = Debug|Any CPU
		Release|Any CPU = Release|Any CPU
	EndGlobalSection
	GlobalSection(ProjectConfigurationPlatforms) = postSolution
		{360D7037-F6F7-4779-8D5B-C9665BA5B5B5}.Debug|Any CPU.ActiveCfg = Debug|Any CPU
		{360D7037-F6F7-4779-8D5B-C9665BA5B5B5}.Debug|Any CPU.Build.0 = Debug|Any CPU
		{360D7037-F6F7-4779-8D5B-C9665BA5B5B5}.Release|Any CPU.ActiveCfg = Release|Any CPU
		{360D7037-F6F7-4779-8D5B-C9665BA5B5B5}.Release|Any CPU.Build.0 = Release|Any CPU
	EndGlobalSection
	GlobalSection(SolutionProperties) = preSolution
		HideSolutionNode = FALSE
	EndGlobalSection
	GlobalSection(ExtensibilityGlobals) = postSolution
		SolutionGuid = {A5EA2AC5-E68E-44D7-983B-FBC391477E94}
	EndGlobalSection
EndGlobal
